// !$*UTF8*$!
{
	archiveVersion = 1;
	classes = {
	};
	objectVersion = 50;
	objects = {

/* Begin PBXBuildFile section */
		7AF9473224C3CD2800707572 /* AppDelegate.swift in Sources */ = {isa = PBXBuildFile; fileRef = 7AF9473124C3CD2800707572 /* AppDelegate.swift */; };
		7AF9473424C3CD2800707572 /* SceneDelegate.swift in Sources */ = {isa = PBXBuildFile; fileRef = 7AF9473324C3CD2800707572 /* SceneDelegate.swift */; };
		7AF9473624C3CD2800707572 /* ViewController.swift in Sources */ = {isa = PBXBuildFile; fileRef = 7AF9473524C3CD2800707572 /* ViewController.swift */; };
		7AF9473924C3CD2800707572 /* Main.storyboard in Resources */ = {isa = PBXBuildFile; fileRef = 7AF9473724C3CD2800707572 /* Main.storyboard */; };
		7AF9473B24C3CD2A00707572 /* Assets.xcassets in Resources */ = {isa = PBXBuildFile; fileRef = 7AF9473A24C3CD2A00707572 /* Assets.xcassets */; };
		7AF9473E24C3CD2A00707572 /* LaunchScreen.storyboard in Resources */ = {isa = PBXBuildFile; fileRef = 7AF9473C24C3CD2A00707572 /* LaunchScreen.storyboard */; };
		7AF9474924C3CD2A00707572 /* tipTests.swift in Sources */ = {isa = PBXBuildFile; fileRef = 7AF9474824C3CD2A00707572 /* tipTests.swift */; };
		7AF9475424C3CD2B00707572 /* tipUITests.swift in Sources */ = {isa = PBXBuildFile; fileRef = 7AF9475324C3CD2B00707572 /* tipUITests.swift */; };
/* End PBXBuildFile section */

/* Begin PBXContainerItemProxy section */
		7AF9474524C3CD2A00707572 /* PBXContainerItemProxy */ = {
			isa = PBXContainerItemProxy;
			containerPortal = 7AF9472624C3CD2800707572 /* Project object */;
			proxyType = 1;
			remoteGlobalIDString = 7AF9472D24C3CD2800707572;
			remoteInfo = tip;
		};
		7AF9475024C3CD2B00707572 /* PBXContainerItemProxy */ = {
			isa = PBXContainerItemProxy;
			containerPortal = 7AF9472624C3CD2800707572 /* Project object */;
			proxyType = 1;
			remoteGlobalIDString = 7AF9472D24C3CD2800707572;
			remoteInfo = tip;
		};
/* End PBXContainerItemProxy section */

/* Begin PBXFileReference section */
		7AF9472E24C3CD2800707572 /* tip.app */ = {isa = PBXFileReference; explicitFileType = wrapper.application; includeInIndex = 0; path = tip.app; sourceTree = BUILT_PRODUCTS_DIR; };
		7AF9473124C3CD2800707572 /* AppDelegate.swift */ = {isa = PBXFileReference; lastKnownFileType = sourcecode.swift; path = AppDelegate.swift; sourceTree = "<group>"; };
		7AF9473324C3CD2800707572 /* SceneDelegate.swift */ = {isa = PBXFileReference; lastKnownFileType = sourcecode.swift; path = SceneDelegate.swift; sourceTree = "<group>"; };
		7AF9473524C3CD2800707572 /* ViewController.swift */ = {isa = PBXFileReference; lastKnownFileType = sourcecode.swift; path = ViewController.swift; sourceTree = "<group>"; };
		7AF9473824C3CD2800707572 /* Base */ = {isa = PBXFileReference; lastKnownFileType = file.storyboard; name = Base; path = Base.lproj/Main.storyboard; sourceTree = "<group>"; };
		7AF9473A24C3CD2A00707572 /* Assets.xcassets */ = {isa = PBXFileReference; lastKnownFileType = folder.assetcatalog; path = Assets.xcassets; sourceTree = "<group>"; };
		7AF9473D24C3CD2A00707572 /* Base */ = {isa = PBXFileReference; lastKnownFileType = file.storyboard; name = Base; path = Base.lproj/LaunchScreen.storyboard; sourceTree = "<group>"; };
		7AF9473F24C3CD2A00707572 /* Info.plist */ = {isa = PBXFileReference; lastKnownFileType = text.plist.xml; path = Info.plist; sourceTree = "<group>"; };
		7AF9474424C3CD2A00707572 /* tipTests.xctest */ = {isa = PBXFileReference; explicitFileType = wrapper.cfbundle; includeInIndex = 0; path = tipTests.xctest; sourceTree = BUILT_PRODUCTS_DIR; };
		7AF9474824C3CD2A00707572 /* tipTests.swift */ = {isa = PBXFileReference; lastKnownFileType = sourcecode.swift; path = tipTests.swift; sourceTree = "<group>"; };
		7AF9474A24C3CD2B00707572 /* Info.plist */ = {isa = PBXFileReference; lastKnownFileType = text.plist.xml; path = Info.plist; sourceTree = "<group>"; };
		7AF9474F24C3CD2B00707572 /* tipUITests.xctest */ = {isa = PBXFileReference; explicitFileType = wrapper.cfbundle; includeInIndex = 0; path = tipUITests.xctest; sourceTree = BUILT_PRODUCTS_DIR; };
		7AF9475324C3CD2B00707572 /* tipUITests.swift */ = {isa = PBXFileReference; lastKnownFileType = sourcecode.swift; path = tipUITests.swift; sourceTree = "<group>"; };
		7AF9475524C3CD2B00707572 /* Info.plist */ = {isa = PBXFileReference; lastKnownFileType = text.plist.xml; path = Info.plist; sourceTree = "<group>"; };
/* End PBXFileReference section */

/* Begin PBXFrameworksBuildPhase section */
		7AF9472B24C3CD2800707572 /* Frameworks */ = {
			isa = PBXFrameworksBuildPhase;
			buildActionMask = 2147483647;
			files = (
			);
			runOnlyForDeploymentPostprocessing = 0;
		};
		7AF9474124C3CD2A00707572 /* Frameworks */ = {
			isa = PBXFrameworksBuildPhase;
			buildActionMask = 2147483647;
			files = (
			);
			runOnlyForDeploymentPostprocessing = 0;
		};
		7AF9474C24C3CD2B00707572 /* Frameworks */ = {
			isa = PBXFrameworksBuildPhase;
			buildActionMask = 2147483647;
			files = (
			);
			runOnlyForDeploymentPostprocessing = 0;
		};
/* End PBXFrameworksBuildPhase section */

/* Begin PBXGroup section */
		7AF9472524C3CD2800707572 = {
			isa = PBXGroup;
			children = (
				7AF9473024C3CD2800707572 /* tip */,
				7AF9474724C3CD2A00707572 /* tipTests */,
				7AF9475224C3CD2B00707572 /* tipUITests */,
				7AF9472F24C3CD2800707572 /* Products */,
			);
			sourceTree = "<group>";
		};
		7AF9472F24C3CD2800707572 /* Products */ = {
			isa = PBXGroup;
			children = (
				7AF9472E24C3CD2800707572 /* tip.app */,
				7AF9474424C3CD2A00707572 /* tipTests.xctest */,
				7AF9474F24C3CD2B00707572 /* tipUITests.xctest */,
			);
			name = Products;
			sourceTree = "<group>";
		};
		7AF9473024C3CD2800707572 /* tip */ = {
			isa = PBXGroup;
			children = (
				7AF9473124C3CD2800707572 /* AppDelegate.swift */,
				7AF9473324C3CD2800707572 /* SceneDelegate.swift */,
				7AF9473524C3CD2800707572 /* ViewController.swift */,
				7AF9473724C3CD2800707572 /* Main.storyboard */,
				7AF9473A24C3CD2A00707572 /* Assets.xcassets */,
				7AF9473C24C3CD2A00707572 /* LaunchScreen.storyboard */,
				7AF9473F24C3CD2A00707572 /* Info.plist */,
			);
			path = tip;
			sourceTree = "<group>";
		};
		7AF9474724C3CD2A00707572 /* tipTests */ = {
			isa = PBXGroup;
			children = (
				7AF9474824C3CD2A00707572 /* tipTests.swift */,
				7AF9474A24C3CD2B00707572 /* Info.plist */,
			);
			path = tipTests;
			sourceTree = "<group>";
		};
		7AF9475224C3CD2B00707572 /* tipUITests */ = {
			isa = PBXGroup;
			children = (
				7AF9475324C3CD2B00707572 /* tipUITests.swift */,
				7AF9475524C3CD2B00707572 /* Info.plist */,
			);
			path = tipUITests;
			sourceTree = "<group>";
		};
/* End PBXGroup section */

/* Begin PBXNativeTarget section */
		7AF9472D24C3CD2800707572 /* tip */ = {
			isa = PBXNativeTarget;
			buildConfigurationList = 7AF9475824C3CD2B00707572 /* Build configuration list for PBXNativeTarget "tip" */;
			buildPhases = (
				7AF9472A24C3CD2800707572 /* Sources */,
				7AF9472B24C3CD2800707572 /* Frameworks */,
				7AF9472C24C3CD2800707572 /* Resources */,
			);
			buildRules = (
			);
			dependencies = (
			);
			name = tip;
			productName = tip;
			productReference = 7AF9472E24C3CD2800707572 /* tip.app */;
			productType = "com.apple.product-type.application";
		};
		7AF9474324C3CD2A00707572 /* tipTests */ = {
			isa = PBXNativeTarget;
			buildConfigurationList = 7AF9475B24C3CD2B00707572 /* Build configuration list for PBXNativeTarget "tipTests" */;
			buildPhases = (
				7AF9474024C3CD2A00707572 /* Sources */,
				7AF9474124C3CD2A00707572 /* Frameworks */,
				7AF9474224C3CD2A00707572 /* Resources */,
			);
			buildRules = (
			);
			dependencies = (
				7AF9474624C3CD2A00707572 /* PBXTargetDependency */,
			);
			name = tipTests;
			productName = tipTests;
			productReference = 7AF9474424C3CD2A00707572 /* tipTests.xctest */;
			productType = "com.apple.product-type.bundle.unit-test";
		};
		7AF9474E24C3CD2B00707572 /* tipUITests */ = {
			isa = PBXNativeTarget;
			buildConfigurationList = 7AF9475E24C3CD2B00707572 /* Build configuration list for PBXNativeTarget "tipUITests" */;
			buildPhases = (
				7AF9474B24C3CD2B00707572 /* Sources */,
				7AF9474C24C3CD2B00707572 /* Frameworks */,
				7AF9474D24C3CD2B00707572 /* Resources */,
			);
			buildRules = (
			);
			dependencies = (
				7AF9475124C3CD2B00707572 /* PBXTargetDependency */,
			);
			name = tipUITests;
			productName = tipUITests;
			productReference = 7AF9474F24C3CD2B00707572 /* tipUITests.xctest */;
			productType = "com.apple.product-type.bundle.ui-testing";
		};
/* End PBXNativeTarget section */

/* Begin PBXProject section */
		7AF9472624C3CD2800707572 /* Project object */ = {
			isa = PBXProject;
			attributes = {
				LastSwiftUpdateCheck = 1160;
				LastUpgradeCheck = 1160;
				ORGANIZATIONNAME = Codepath;
				TargetAttributes = {
					7AF9472D24C3CD2800707572 = {
						CreatedOnToolsVersion = 11.6;
					};
					7AF9474324C3CD2A00707572 = {
						CreatedOnToolsVersion = 11.6;
						TestTargetID = 7AF9472D24C3CD2800707572;
					};
					7AF9474E24C3CD2B00707572 = {
						CreatedOnToolsVersion = 11.6;
						TestTargetID = 7AF9472D24C3CD2800707572;
					};
				};
			};
			buildConfigurationList = 7AF9472924C3CD2800707572 /* Build configuration list for PBXProject "tip" */;
			compatibilityVersion = "Xcode 9.3";
			developmentRegion = en;
			hasScannedForEncodings = 0;
			knownRegions = (
				en,
				Base,
			);
			mainGroup = 7AF9472524C3CD2800707572;
			productRefGroup = 7AF9472F24C3CD2800707572 /* Products */;
			projectDirPath = "";
			projectRoot = "";
			targets = (
				7AF9472D24C3CD2800707572 /* tip */,
				7AF9474324C3CD2A00707572 /* tipTests */,
				7AF9474E24C3CD2B00707572 /* tipUITests */,
			);
		};
/* End PBXProject section */

/* Begin PBXResourcesBuildPhase section */
		7AF9472C24C3CD2800707572 /* Resources */ = {
			isa = PBXResourcesBuildPhase;
			buildActionMask = 2147483647;
			files = (
				7AF9473E24C3CD2A00707572 /* LaunchScreen.storyboard in Resources */,
				7AF9473B24C3CD2A00707572 /* Assets.xcassets in Resources */,
				7AF9473924C3CD2800707572 /* Main.storyboard in Resources */,
			);
			runOnlyForDeploymentPostprocessing = 0;
		};
		7AF9474224C3CD2A00707572 /* Resources */ = {
			isa = PBXResourcesBuildPhase;
			buildActionMask = 2147483647;
			files = (
			);
			runOnlyForDeploymentPostprocessing = 0;
		};
		7AF9474D24C3CD2B00707572 /* Resources */ = {
			isa = PBXResourcesBuildPhase;
			buildActionMask = 2147483647;
			files = (
			);
			runOnlyForDeploymentPostprocessing = 0;
		};
/* End PBXResourcesBuildPhase section */

/* Begin PBXSourcesBuildPhase section */
		7AF9472A24C3CD2800707572 /* Sources */ = {
			isa = PBXSourcesBuildPhase;
			buildActionMask = 2147483647;
			files = (
				7AF9473624C3CD2800707572 /* ViewController.swift in Sources */,
				7AF9473224C3CD2800707572 /* AppDelegate.swift in Sources */,
				7AF9473424C3CD2800707572 /* SceneDelegate.swift in Sources */,
			);
			runOnlyForDeploymentPostprocessing = 0;
		};
		7AF9474024C3CD2A00707572 /* Sources */ = {
			isa = PBXSourcesBuildPhase;
			buildActionMask = 2147483647;
			files = (
				7AF9474924C3CD2A00707572 /* tipTests.swift in Sources */,
			);
			runOnlyForDeploymentPostprocessing = 0;
		};
		7AF9474B24C3CD2B00707572 /* Sources */ = {
			isa = PBXSourcesBuildPhase;
			buildActionMask = 2147483647;
			files = (
				7AF9475424C3CD2B00707572 /* tipUITests.swift in Sources */,
			);
			runOnlyForDeploymentPostprocessing = 0;
		};
/* End PBXSourcesBuildPhase section */

/* Begin PBXTargetDependency section */
		7AF9474624C3CD2A00707572 /* PBXTargetDependency */ = {
			isa = PBXTargetDependency;
			target = 7AF9472D24C3CD2800707572 /* tip */;
			targetProxy = 7AF9474524C3CD2A00707572 /* PBXContainerItemProxy */;
		};
		7AF9475124C3CD2B00707572 /* PBXTargetDependency */ = {
			isa = PBXTargetDependency;
			target = 7AF9472D24C3CD2800707572 /* tip */;
			targetProxy = 7AF9475024C3CD2B00707572 /* PBXContainerItemProxy */;
		};
/* End PBXTargetDependency section */

/* Begin PBXVariantGroup section */
		7AF9473724C3CD2800707572 /* Main.storyboard */ = {
			isa = PBXVariantGroup;
			children = (
				7AF9473824C3CD2800707572 /* Base */,
			);
			name = Main.storyboard;
			sourceTree = "<group>";
		};
		7AF9473C24C3CD2A00707572 /* LaunchScreen.storyboard */ = {
			isa = PBXVariantGroup;
			children = (
				7AF9473D24C3CD2A00707572 /* Base */,
			);
			name = LaunchScreen.storyboard;
			sourceTree = "<group>";
		};
/* End PBXVariantGroup section */

/* Begin XCBuildConfiguration section */
		7AF9475624C3CD2B00707572 /* Debug */ = {
			isa = XCBuildConfiguration;
			buildSettings = {
				ALWAYS_SEARCH_USER_PATHS = NO;
				CLANG_ANALYZER_NONNULL = YES;
				CLANG_ANALYZER_NUMBER_OBJECT_CONVERSION = YES_AGGRESSIVE;
				CLANG_CXX_LANGUAGE_STANDARD = "gnu++14";
				CLANG_CXX_LIBRARY = "libc++";
				CLANG_ENABLE_MODULES = YES;
				CLANG_ENABLE_OBJC_ARC = YES;
				CLANG_ENABLE_OBJC_WEAK = YES;
				CLANG_WARN_BLOCK_CAPTURE_AUTORELEASING = YES;
				CLANG_WARN_BOOL_CONVERSION = YES;
				CLANG_WARN_COMMA = YES;
				CLANG_WARN_CONSTANT_CONVERSION = YES;
				CLANG_WARN_DEPRECATED_OBJC_IMPLEMENTATIONS = YES;
				CLANG_WARN_DIRECT_OBJC_ISA_USAGE = YES_ERROR;
				CLANG_WARN_DOCUMENTATION_COMMENTS = YES;
				CLANG_WARN_EMPTY_BODY = YES;
				CLANG_WARN_ENUM_CONVERSION = YES;
				CLANG_WARN_INFINITE_RECURSION = YES;
				CLANG_WARN_INT_CONVERSION = YES;
				CLANG_WARN_NON_LITERAL_NULL_CONVERSION = YES;
				CLANG_WARN_OBJC_IMPLICIT_RETAIN_SELF = YES;
				CLANG_WARN_OBJC_LITERAL_CONVERSION = YES;
				CLANG_WARN_OBJC_ROOT_CLASS = YES_ERROR;
				CLANG_WARN_RANGE_LOOP_ANALYSIS = YES;
				CLANG_WARN_STRICT_PROTOTYPES = YES;
				CLANG_WARN_SUSPICIOUS_MOVE = YES;
				CLANG_WARN_UNGUARDED_AVAILABILITY = YES_AGGRESSIVE;
				CLANG_WARN_UNREACHABLE_CODE = YES;
				CLANG_WARN__DUPLICATE_METHOD_MATCH = YES;
				COPY_PHASE_STRIP = NO;
				DEBUG_INFORMATION_FORMAT = dwarf;
				ENABLE_STRICT_OBJC_MSGSEND = YES;
				ENABLE_TESTABILITY = YES;
				GCC_C_LANGUAGE_STANDARD = gnu11;
				GCC_DYNAMIC_NO_PIC = NO;
				GCC_NO_COMMON_BLOCKS = YES;
				GCC_OPTIMIZATION_LEVEL = 0;
				GCC_PREPROCESSOR_DEFINITIONS = (
					"DEBUG=1",
					"$(inherited)",
				);
				GCC_WARN_64_TO_32_BIT_CONVERSION = YES;
				GCC_WARN_ABOUT_RETURN_TYPE = YES_ERROR;
				GCC_WARN_UNDECLARED_SELECTOR = YES;
				GCC_WARN_UNINITIALIZED_AUTOS = YES_AGGRESSIVE;
				GCC_WARN_UNUSED_FUNCTION = YES;
				GCC_WARN_UNUSED_VARIABLE = YES;
				IPHONEOS_DEPLOYMENT_TARGET = 13.6;
				MTL_ENABLE_DEBUG_INFO = INCLUDE_SOURCE;
				MTL_FAST_MATH = YES;
				ONLY_ACTIVE_ARCH = YES;
				SDKROOT = iphoneos;
				SWIFT_ACTIVE_COMPILATION_CONDITIONS = DEBUG;
				SWIFT_OPTIMIZATION_LEVEL = "-Onone";
			};
			name = Debug;
		};
		7AF9475724C3CD2B00707572 /* Release */ = {
			isa = XCBuildConfiguration;
			buildSettings = {
				ALWAYS_SEARCH_USER_PATHS = NO;
				CLANG_ANALYZER_NONNULL = YES;
				CLANG_ANALYZER_NUMBER_OBJECT_CONVERSION = YES_AGGRESSIVE;
				CLANG_CXX_LANGUAGE_STANDARD = "gnu++14";
				CLANG_CXX_LIBRARY = "libc++";
				CLANG_ENABLE_MODULES = YES;
				CLANG_ENABLE_OBJC_ARC = YES;
				CLANG_ENABLE_OBJC_WEAK = YES;
				CLANG_WARN_BLOCK_CAPTURE_AUTORELEASING = YES;
				CLANG_WARN_BOOL_CONVERSION = YES;
				CLANG_WARN_COMMA = YES;
				CLANG_WARN_CONSTANT_CONVERSION = YES;
				CLANG_WARN_DEPRECATED_OBJC_IMPLEMENTATIONS = YES;
				CLANG_WARN_DIRECT_OBJC_ISA_USAGE = YES_ERROR;
				CLANG_WARN_DOCUMENTATION_COMMENTS = YES;
				CLANG_WARN_EMPTY_BODY = YES;
				CLANG_WARN_ENUM_CONVERSION = YES;
				CLANG_WARN_INFINITE_RECURSION = YES;
				CLANG_WARN_INT_CONVERSION = YES;
				CLANG_WARN_NON_LITERAL_NULL_CONVERSION = YES;
				CLANG_WARN_OBJC_IMPLICIT_RETAIN_SELF = YES;
				CLANG_WARN_OBJC_LITERAL_CONVERSION = YES;
				CLANG_WARN_OBJC_ROOT_CLASS = YES_ERROR;
				CLANG_WARN_RANGE_LOOP_ANALYSIS = YES;
				CLANG_WARN_STRICT_PROTOTYPES = YES;
				CLANG_WARN_SUSPICIOUS_MOVE = YES;
				CLANG_WARN_UNGUARDED_AVAILABILITY = YES_AGGRESSIVE;
				CLANG_WARN_UNREACHABLE_CODE = YES;
				CLANG_WARN__DUPLICATE_METHOD_MATCH = YES;
				COPY_PHASE_STRIP = NO;
				DEBUG_INFORMATION_FORMAT = "dwarf-with-dsym";
				ENABLE_NS_ASSERTIONS = NO;
				ENABLE_STRICT_OBJC_MSGSEND = YES;
				GCC_C_LANGUAGE_STANDARD = gnu11;
				GCC_NO_COMMON_BLOCKS = YES;
				GCC_WARN_64_TO_32_BIT_CONVERSION = YES;
				GCC_WARN_ABOUT_RETURN_TYPE = YES_ERROR;
				GCC_WARN_UNDECLARED_SELECTOR = YES;
				GCC_WARN_UNINITIALIZED_AUTOS = YES_AGGRESSIVE;
				GCC_WARN_UNUSED_FUNCTION = YES;
				GCC_WARN_UNUSED_VARIABLE = YES;
				IPHONEOS_DEPLOYMENT_TARGET = 13.6;
				MTL_ENABLE_DEBUG_INFO = NO;
				MTL_FAST_MATH = YES;
				SDKROOT = iphoneos;
				SWIFT_COMPILATION_MODE = wholemodule;
				SWIFT_OPTIMIZATION_LEVEL = "-O";
				VALIDATE_PRODUCT = YES;
			};
			name = Release;
		};
		7AF9475924C3CD2B00707572 /* Debug */ = {
			isa = XCBuildConfiguration;
			buildSettings = {
				ASSETCATALOG_COMPILER_APPICON_NAME = AppIcon;
				CODE_SIGN_STYLE = Automatic;
				INFOPLIST_FILE = tip/Info.plist;
				LD_RUNPATH_SEARCH_PATHS = (
					"$(inherited)",
					"@executable_path/Frameworks",
				);
				PRODUCT_BUNDLE_IDENTIFIER = Codepath.tip;
				PRODUCT_NAME = "$(TARGET_NAME)";
				SWIFT_VERSION = 5.0;
				TARGETED_DEVICE_FAMILY = "1,2";
			};
			name = Debug;
		};
		7AF9475A24C3CD2B00707572 /* Release */ = {
			isa = XCBuildConfiguration;
			buildSettings = {
				ASSETCATALOG_COMPILER_APPICON_NAME = AppIcon;
				CODE_SIGN_STYLE = Automatic;
				INFOPLIST_FILE = tip/Info.plist;
				LD_RUNPATH_SEARCH_PATHS = (
					"$(inherited)",
					"@executable_path/Frameworks",
				);
				PRODUCT_BUNDLE_IDENTIFIER = Codepath.tip;
				PRODUCT_NAME = "$(TARGET_NAME)";
				SWIFT_VERSION = 5.0;
				TARGETED_DEVICE_FAMILY = "1,2";
			};
			name = Release;
		};
		7AF9475C24C3CD2B00707572 /* Debug */ = {
			isa = XCBuildConfiguration;
			buildSettings = {
				ALWAYS_EMBED_SWIFT_STANDARD_LIBRARIES = YES;
				BUNDLE_LOADER = "$(TEST_HOST)";
				CODE_SIGN_STYLE = Automatic;
				INFOPLIST_FILE = tipTests/Info.plist;
				IPHONEOS_DEPLOYMENT_TARGET = 13.6;
				LD_RUNPATH_SEARCH_PATHS = (
					"$(inherited)",
					"@executable_path/Frameworks",
					"@loader_path/Frameworks",
				);
				PRODUCT_BUNDLE_IDENTIFIER = Codepath.tipTests;
				PRODUCT_NAME = "$(TARGET_NAME)";
				SWIFT_VERSION = 5.0;
				TARGETED_DEVICE_FAMILY = "1,2";
				TEST_HOST = "$(BUILT_PRODUCTS_DIR)/tip.app/tip";
			};
			name = Debug;
		};
		7AF9475D24C3CD2B00707572 /* Release */ = {
			isa = XCBuildConfiguration;
			buildSettings = {
				ALWAYS_EMBED_SWIFT_STANDARD_LIBRARIES = YES;
				BUNDLE_LOADER = "$(TEST_HOST)";
				CODE_SIGN_STYLE = Automatic;
				INFOPLIST_FILE = tipTests/Info.plist;
				IPHONEOS_DEPLOYMENT_TARGET = 13.6;
				LD_RUNPATH_SEARCH_PATHS = (
					"$(inherited)",
					"@executable_path/Frameworks",
					"@loader_path/Frameworks",
				);
				PRODUCT_BUNDLE_IDENTIFIER = Codepath.tipTests;
				PRODUCT_NAME = "$(TARGET_NAME)";
				SWIFT_VERSION = 5.0;
				TARGETED_DEVICE_FAMILY = "1,2";
				TEST_HOST = "$(BUILT_PRODUCTS_DIR)/tip.app/tip";
			};
			name = Release;
		};
		7AF9475F24C3CD2B00707572 /* Debug */ = {
			isa = XCBuildConfiguration;
			buildSettings = {
				ALWAYS_EMBED_SWIFT_STANDARD_LIBRARIES = YES;
				CODE_SIGN_STYLE = Automatic;
				INFOPLIST_FILE = tipUITests/Info.plist;
				LD_RUNPATH_SEARCH_PATHS = (
					"$(inherited)",
					"@executable_path/Frameworks",
					"@loader_path/Frameworks",
				);
				PRODUCT_BUNDLE_IDENTIFIER = Codepath.tipUITests;
				PRODUCT_NAME = "$(TARGET_NAME)";
				SWIFT_VERSION = 5.0;
				TARGETED_DEVICE_FAMILY = "1,2";
				TEST_TARGET_NAME = tip;
			};
			name = Debug;
		};
		7AF9476024C3CD2B00707572 /* Release */ = {
			isa = XCBuildConfiguration;
			buildSettings = {
				ALWAYS_EMBED_SWIFT_STANDARD_LIBRARIES = YES;
				CODE_SIGN_STYLE = Automatic;
				INFOPLIST_FILE = tipUITests/Info.plist;
				LD_RUNPATH_SEARCH_PATHS = (
					"$(inherited)",
					"@executable_path/Frameworks",
					"@loader_path/Frameworks",
				);
				PRODUCT_BUNDLE_IDENTIFIER = Codepath.tipUITests;
				PRODUCT_NAME = "$(TARGET_NAME)";
				SWIFT_VERSION = 5.0;
				TARGETED_DEVICE_FAMILY = "1,2";
				TEST_TARGET_NAME = tip;
			};
			name = Release;
		};
/* End XCBuildConfiguration section */

/* Begin XCConfigurationList section */
		7AF9472924C3CD2800707572 /* Build configuration list for PBXProject "tip" */ = {
			isa = XCConfigurationList;
			buildConfigurations = (
				7AF9475624C3CD2B00707572 /* Debug */,
				7AF9475724C3CD2B00707572 /* Release */,
			);
			defaultConfigurationIsVisible = 0;
			defaultConfigurationName = Release;
		};
		7AF9475824C3CD2B00707572 /* Build configuration list for PBXNativeTarget "tip" */ = {
			isa = XCConfigurationList;
			buildConfigurations = (
				7AF9475924C3CD2B00707572 /* Debug */,
				7AF9475A24C3CD2B00707572 /* Release */,
			);
			defaultConfigurationIsVisible = 0;
			defaultConfigurationName = Release;
		};
		7AF9475B24C3CD2B00707572 /* Build configuration list for PBXNativeTarget "tipTests" */ = {
			isa = XCConfigurationList;
			buildConfigurations = (
				7AF9475C24C3CD2B00707572 /* Debug */,
				7AF9475D24C3CD2B00707572 /* Release */,
			);
			defaultConfigurationIsVisible = 0;
			defaultConfigurationName = Release;
		};
		7AF9475E24C3CD2B00707572 /* Build configuration list for PBXNativeTarget "tipUITests" */ = {
			isa = XCConfigurationList;
			buildConfigurations = (
				7AF9475F24C3CD2B00707572 /* Debug */,
				7AF9476024C3CD2B00707572 /* Release */,
			);
			defaultConfigurationIsVisible = 0;
			defaultConfigurationName = Release;
		};
/* End XCConfigurationList section */
	};
	rootObject = 7AF9472624C3CD2800707572 /* Project object */;
}
